github.com/davecgh/go-spew v1.1.0 h1:ZDRjVQ15GmhC3fiQ8ni8+OwkZQO4DARzQgrnXU1Liz8=
github.com/davecgh/go-spew v1.1.1 h1:vj9j/u1bqnvCEfJOwUhtlOARqs3+rkHYY13jYWTU97c=
github.com/davecgh/go-spew v1.1.1/go.mod h1:J7Y8YcW2NihsgmVo/mv3lAwl/skON4iLHjSsI+c5H38=
github.com/facebookgo/ensure v0.0.0-20200202191622-63f1cf65ac4c h1:8ISkoahWXwZR41ois5lSJBSVw4D0OV19Ht/JSTzvSv0=
github.com/facebookgo/stack v0.0.0-20160209184415-751773369052 h1:JWuenKqqX8nojtoVVWjGfOF9635RETekkoH6Cc9SX0A=
github.com/facebookgo/subset v0.0.0-20200203212716-c811ad88dec4 h1:7HZCaLC5+BZpmbhCOZJ293Lz68O7PYrF2EzeiFMwCLk=
github.com/facebookgo/symwalk v0.0.0-20150726040526-42004b9f3222 h1:ivxAxcE9py2xLAqpcEwN7sN711aLfEWgh3cY0aha7uY=
github.com/facebookgo/symwalk v0.0.0-20150726040526-42004b9f3222/go.mod h1:PgrCjL2+FgkITqxQI+erRTONtAv4JkpOzun5ozKW/Jg=
github.com/facebookgo/testname v0.0.0-20150612200628-5443337c3a12 h1:pKeuUgeuL6jk/FpxSr0ZVL1XEiOmrcWBvB2rKXu0mMI=
github.com/fkautz/gitbom-go v0.0.0-20220213195809-ae39690e7cc7 h1:+1RYYZeo+QXK4KK5TKyci8q8jBIm3nwHDeTpD2QFPJQ=
github.com/fkautz/gitbom-go v0.0.0-20220213195809-ae39690e7cc7/go.mod h1:GZIEHHo3UhlkbyqnMkfWTt83yVgSZ/ErH2d27z+i6QY=
github.com/pmezard/go-difflib v1.0.0 h1:4DBwDE0NGyQoBHbLQYPwSUPoCMWR5BEzIk/f1lZbAQM=
github.com/rwxrob/bonzai v0.0.6 h1:HMgpr07X9WWwEOLYeWFdB4iCmtEkabjH4UVAK53fOBo=
github.com/rwxrob/bonzai v0.0.6/go.mod h1:4HvCTf/HmQLnrtu1X85BjWsQw+eEK+Pawuh8FhhQl8k=
github.com/rwxrob/bonzai v0.0.14 h1:DxvVHw1X1Qosv584156pWE/SfVCQJYzuKx97bA+yqKI=
github.com/rwxrob/bonzai v0.0.14/go.mod h1:4HvCTf/HmQLnrtu1X85BjWsQw+eEK+Pawuh8FhhQl8k=
github.com/rwxrob/cmdbox v0.7.8 h1:NWv3BjCVn/XbxUZjwvo3nC4mkXUawapVoW5dbrR6R4s=
github.com/rwxrob/cmdbox v0.7.8/go.mod h1:4jD2kfSvWIpaAHhxuz29APMa9AZF+bKYhKJUqRaBi00=
github.com/stretchr/testify v1.7.0 h1:nwc3DEeHmmLAfoZucVR881uASk0Mfjw8xYJ99tb5CcY=
gopkg.in/check.v1 v0.0.0-20161208181325-20d25e280405 h1:yhCVgyC4o1eVCa2tZl7eS0r+SDo693bJlVdllGtEeKM=
gopkg.in/check.v1 v0.0.0-20161208181325-20d25e280405/go.mod h1:Co6ibVJAznAaIkqp8huTwlJQCZ016jof/cbN4VW5Yz0=
gopkg.in/yaml.v2 v2.4.0 h1:D8xgwECY7CYvx+Y2n4sBz93Jn9JRvxdiyyo8CTfuKaY=
gopkg.in/yaml.v2 v2.4.0/go.mod h1:RDklbk79AGWmwhnvt/jBztapEOGDOx6ZbXqjP6csGnQ=
gopkg.in/yaml.v3 v3.0.0-20210107192922-496545a6307b h1:h8qDotaEPuJATrMmW04NCwg7v22aHH28wwpauUhK9Oo=
